
Microsoft Visual Studio Solution File, Format Version 12.00
# Visual Studio Version 17
VisualStudioVersion = 17.10.34916.146
MinimumVisualStudioVersion = 10.0.40219.1
Project("{FAE04EC0-301F-11D3-BF4B-00C04F79EFBC}") = "RevEngin", "RevEngin.csproj", "{79432B75-B6DE-4CFF-A977-2E2A3122EE99}"
EndProject
Global
	GlobalSection(SolutionConfigurationPlatforms) = preSolution
		Debug|Any CPU = Debug|Any CPU
		Release|Any CPU = Release|Any CPU
	EndGlobalSection
	GlobalSection(ProjectConfigurationPlatforms) = postSolution
		{79432B75-B6DE-4CFF-A977-2E2A3122EE99}.Debug|Any CPU.ActiveCfg = Debug|Any CPU
		{79432B75-B6DE-4CFF-A977-2E2A3122EE99}.Debug|Any CPU.Build.0 = Debug|Any CPU
		{79432B75-B6DE-4CFF-A977-2E2A3122EE99}.Release|Any CPU.ActiveCfg = Release|Any CPU
		{79432B75-B6DE-4CFF-A977-2E2A3122EE99}.Release|Any CPU.Build.0 = Release|Any CPU
	EndGlobalSection
	GlobalSection(SolutionProperties) = preSolution
		HideSolutionNode = FALSE
	EndGlobalSection
	GlobalSection(ExtensibilityGlobals) = postSolution
		SolutionGuid = {C2257BA6-7882-405D-ADE6-CC690EC80CDE}
	EndGlobalSection
EndGlobal
